
Microsoft Visual Studio Solution File, Format Version 12.00
# Visual Studio Version 17
VisualStudioVersion = 17.5.33627.172
MinimumVisualStudioVersion = 10.0.40219.1
Project("{2150E333-8FDC-42A3-9474-1A3956D46DE8}") = "Presentation", "Presentation", "{6B22CA7C-CBDD-432F-AA32-82EEFB29BCA4}"
EndProject
Project("{9A19103F-16F7-4668-BE54-9A1E7A4F7556}") = "Condensate.Mvc", "Condensate.Mvc\Condensate.Mvc.csproj", "{B9BAA6DF-7AD4-4F25-BA15-618550882792}"
EndProject
Project("{2150E333-8FDC-42A3-9474-1A3956D46DE8}") = "SteamApi", "SteamApi", "{F53A3052-B34A-47F0-A077-9923994F0B1F}"
EndProject
Project("{9A19103F-16F7-4668-BE54-9A1E7A4F7556}") = "Condensate.SteamApi", "Condensate.SteamApi\Condensate.SteamApi.csproj", "{1C3BCC52-85C1-423E-A2D1-62B76C63063B}"
EndProject
Project("{2150E333-8FDC-42A3-9474-1A3956D46DE8}") = "Tests", "Tests", "{CD53C3DB-4E69-4DD3-9555-3117197505EF}"
EndProject
Project("{9A19103F-16F7-4668-BE54-9A1E7A4F7556}") = "Condensate.SteamApi.UnitTests", "Condensate.SteamApi.UnitTests\Condensate.SteamApi.UnitTests.csproj", "{9EE5B3B6-0817-4718-A7E9-CCCCEB6014E4}"
EndProject
Global
	GlobalSection(SolutionConfigurationPlatforms) = preSolution
		Debug|Any CPU = Debug|Any CPU
		Release|Any CPU = Release|Any CPU
	EndGlobalSection
	GlobalSection(ProjectConfigurationPlatforms) = postSolution
		{B9BAA6DF-7AD4-4F25-BA15-618550882792}.Debug|Any CPU.ActiveCfg = Debug|Any CPU
		{B9BAA6DF-7AD4-4F25-BA15-618550882792}.Debug|Any CPU.Build.0 = Debug|Any CPU
		{B9BAA6DF-7AD4-4F25-BA15-618550882792}.Release|Any CPU.ActiveCfg = Release|Any CPU
		{B9BAA6DF-7AD4-4F25-BA15-618550882792}.Release|Any CPU.Build.0 = Release|Any CPU
		{1C3BCC52-85C1-423E-A2D1-62B76C63063B}.Debug|Any CPU.ActiveCfg = Debug|Any CPU
		{1C3BCC52-85C1-423E-A2D1-62B76C63063B}.Debug|Any CPU.Build.0 = Debug|Any CPU
		{1C3BCC52-85C1-423E-A2D1-62B76C63063B}.Release|Any CPU.ActiveCfg = Release|Any CPU
		{1C3BCC52-85C1-423E-A2D1-62B76C63063B}.Release|Any CPU.Build.0 = Release|Any CPU
		{9EE5B3B6-0817-4718-A7E9-CCCCEB6014E4}.Debug|Any CPU.ActiveCfg = Debug|Any CPU
		{9EE5B3B6-0817-4718-A7E9-CCCCEB6014E4}.Debug|Any CPU.Build.0 = Debug|Any CPU
		{9EE5B3B6-0817-4718-A7E9-CCCCEB6014E4}.Release|Any CPU.ActiveCfg = Release|Any CPU
		{9EE5B3B6-0817-4718-A7E9-CCCCEB6014E4}.Release|Any CPU.Build.0 = Release|Any CPU
	EndGlobalSection
	GlobalSection(SolutionProperties) = preSolution
		HideSolutionNode = FALSE
	EndGlobalSection
	GlobalSection(NestedProjects) = preSolution
		{B9BAA6DF-7AD4-4F25-BA15-618550882792} = {6B22CA7C-CBDD-432F-AA32-82EEFB29BCA4}
		{1C3BCC52-85C1-423E-A2D1-62B76C63063B} = {F53A3052-B34A-47F0-A077-9923994F0B1F}
		{9EE5B3B6-0817-4718-A7E9-CCCCEB6014E4} = {CD53C3DB-4E69-4DD3-9555-3117197505EF}
	EndGlobalSection
	GlobalSection(ExtensibilityGlobals) = postSolution
		SolutionGuid = {B0E2B96C-D739-4796-A850-C1194C8EEFC7}
	EndGlobalSection
EndGlobal
